
Microsoft Visual Studio Solution File, Format Version 12.00
# Visual Studio Version 17
VisualStudioVersion = 17.10.35027.167
MinimumVisualStudioVersion = 10.0.40219.1
Project("{9A19103F-16F7-4668-BE54-9A1E7A4F7556}") = "OpenEnds.BackEnd", "OpenEnds.BackEnd\OpenEnds.BackEnd.csproj", "{D452A6F3-FEFF-47A1-9AF1-6EFF61217A57}"
EndProject
Project("{54A90642-561A-4BB1-A94E-469ADEE60C69}") = "OpenEnds.FrontEnd", "OpenEnds.FrontEnd\OpenEnds.FrontEnd.esproj", "{C3203F65-2BBD-426E-ACA7-ADFC217DDA03}"
EndProject
Project("{9A19103F-16F7-4668-BE54-9A1E7A4F7556}") = "OpenEnds.Tests", "OpenEnds.Tests\OpenEnds.Tests.csproj", "{5B4ED549-71C2-4BB8-AE59-39E92D486A17}"
EndProject
Project("{2150E333-8FDC-42A3-9474-1A3956D46DE8}") = "Deployment", "Deployment", "{79D986B7-774D-439E-A613-50BD8568AA4B}"
	ProjectSection(SolutionItems) = preProject
		OpenEnds.yaml = OpenEnds.yaml
	EndProjectSection
EndProject
Project("{FAE04EC0-301F-11D3-BF4B-00C04F79EFBC}") = "Vue.Common", "Vue.Common\Vue.Common.csproj", "{8DA013E0-13C0-3316-A4EA-A893DE9D64BE}"
EndProject
Project("{54A90642-561A-4BB1-A94E-469ADEE60C69}") = "Vue.Common.FrontEnd", "Vue.Common.FrontEnd\Vue.Common.FrontEnd.esproj", "{3F56BB10-4A86-7001-1FE9-0CA07F6E305F}"
EndProject
Project("{FAE04EC0-301F-11D3-BF4B-00C04F79EFBC}") = "BrandVue.EntityFramework", "BrandVue.EntityFramework\BrandVue.EntityFramework.csproj", "{BA642078-66F7-0B11-844D-C18E6A9A9FA9}"
EndProject
Global
	GlobalSection(SolutionConfigurationPlatforms) = preSolution
		Debug|Any CPU = Debug|Any CPU
		Release|Any CPU = Release|Any CPU
	EndGlobalSection
	GlobalSection(ProjectConfigurationPlatforms) = postSolution
		{D452A6F3-FEFF-47A1-9AF1-6EFF61217A57}.Debug|Any CPU.ActiveCfg = Debug|Any CPU
		{D452A6F3-FEFF-47A1-9AF1-6EFF61217A57}.Debug|Any CPU.Build.0 = Debug|Any CPU
		{D452A6F3-FEFF-47A1-9AF1-6EFF61217A57}.Release|Any CPU.ActiveCfg = Release|Any CPU
		{D452A6F3-FEFF-47A1-9AF1-6EFF61217A57}.Release|Any CPU.Build.0 = Release|Any CPU
		{C3203F65-2BBD-426E-ACA7-ADFC217DDA03}.Debug|Any CPU.ActiveCfg = Debug|Any CPU
		{C3203F65-2BBD-426E-ACA7-ADFC217DDA03}.Debug|Any CPU.Build.0 = Debug|Any CPU
		{C3203F65-2BBD-426E-ACA7-ADFC217DDA03}.Debug|Any CPU.Deploy.0 = Debug|Any CPU
		{C3203F65-2BBD-426E-ACA7-ADFC217DDA03}.Release|Any CPU.ActiveCfg = Release|Any CPU
		{C3203F65-2BBD-426E-ACA7-ADFC217DDA03}.Release|Any CPU.Build.0 = Release|Any CPU
		{C3203F65-2BBD-426E-ACA7-ADFC217DDA03}.Release|Any CPU.Deploy.0 = Release|Any CPU
		{5B4ED549-71C2-4BB8-AE59-39E92D486A17}.Debug|Any CPU.ActiveCfg = Debug|Any CPU
		{5B4ED549-71C2-4BB8-AE59-39E92D486A17}.Debug|Any CPU.Build.0 = Debug|Any CPU
		{5B4ED549-71C2-4BB8-AE59-39E92D486A17}.Release|Any CPU.ActiveCfg = Release|Any CPU
		{5B4ED549-71C2-4BB8-AE59-39E92D486A17}.Release|Any CPU.Build.0 = Release|Any CPU
		{8DA013E0-13C0-3316-A4EA-A893DE9D64BE}.Debug|Any CPU.ActiveCfg = Debug|Any CPU
		{8DA013E0-13C0-3316-A4EA-A893DE9D64BE}.Debug|Any CPU.Build.0 = Debug|Any CPU
		{8DA013E0-13C0-3316-A4EA-A893DE9D64BE}.Release|Any CPU.ActiveCfg = Release|Any CPU
		{8DA013E0-13C0-3316-A4EA-A893DE9D64BE}.Release|Any CPU.Build.0 = Release|Any CPU
		{3F56BB10-4A86-7001-1FE9-0CA07F6E305F}.Debug|Any CPU.ActiveCfg = Debug|Any CPU
		{3F56BB10-4A86-7001-1FE9-0CA07F6E305F}.Debug|Any CPU.Build.0 = Debug|Any CPU
		{3F56BB10-4A86-7001-1FE9-0CA07F6E305F}.Debug|Any CPU.Deploy.0 = Debug|Any CPU
		{3F56BB10-4A86-7001-1FE9-0CA07F6E305F}.Release|Any CPU.ActiveCfg = Release|Any CPU
		{3F56BB10-4A86-7001-1FE9-0CA07F6E305F}.Release|Any CPU.Build.0 = Release|Any CPU
		{3F56BB10-4A86-7001-1FE9-0CA07F6E305F}.Release|Any CPU.Deploy.0 = Release|Any CPU
		{BA642078-66F7-0B11-844D-C18E6A9A9FA9}.Debug|Any CPU.ActiveCfg = Debug|Any CPU
		{BA642078-66F7-0B11-844D-C18E6A9A9FA9}.Debug|Any CPU.Build.0 = Debug|Any CPU
		{BA642078-66F7-0B11-844D-C18E6A9A9FA9}.Release|Any CPU.ActiveCfg = Release|Any CPU
		{BA642078-66F7-0B11-844D-C18E6A9A9FA9}.Release|Any CPU.Build.0 = Release|Any CPU
	EndGlobalSection
	GlobalSection(SolutionProperties) = preSolution
		HideSolutionNode = FALSE
	EndGlobalSection
	GlobalSection(ExtensibilityGlobals) = postSolution
		SolutionGuid = {DAE910AC-B2EA-4090-873A-1494266D34A7}
	EndGlobalSection
EndGlobal
